PackratFormat: 1.4
PackratVersion: 0.5.0
RVersion: 3.5.1
Repos: CRAN=https://cran.rstudio.com/

Package: BH
Source: CRAN
Version: 1.66.0-1
Hash: 4cc8883584b955ed01f38f68bc03af6d

Package: R6
Source: CRAN
Version: 2.3.0
Hash: 8eccabbf292b5aba632985cde6406fc3

Package: Rcpp
Source: CRAN
Version: 0.12.19
Hash: fdff9c3aa69adac28cd5c45cd250c9da

Package: assertthat
Source: CRAN
Version: 0.2.0
Hash: e8805df54c65ac96d50235c44a82615c

Package: base64enc
Source: CRAN
Version: 0.1-3
Hash: c590d29e555926af053055e23ee79efb

Package: cli
Source: CRAN
Version: 1.0.1
Hash: a742a3229dbf7085c3a737af10e5065b
Requires: assertthat, crayon

Package: commonmark
Source: CRAN
Version: 1.7
Hash: 77f4ba718e2bad1877ef26e48cf8fa43

Package: crayon
Source: CRAN
Version: 1.3.4
Hash: ff2840dd9b0d563fc80377a5a45510cd

Package: curl
Source: CRAN
Version: 3.2
Hash: 82a7cf5bb702ef52329b6d23ea6132a7

Package: digest
Source: CRAN
Version: 0.6.18
Hash: 65f62365ec69ddd17230d2ffe891a6ab

Package: dplyr
Source: CRAN
Version: 1.0.2
Hash: ea54da55bb8474c5f1e7852ea3315c22
Requires: R6, ellipsis, generics, glue, lifecycle, magrittr, rlang,
    tibble, tidyselect, vctrs

Package: ellipsis
Source: CRAN
Version: 0.3.1
Hash: b294fcc92985c6235df03c1c34f25e99
Requires: rlang

Package: fansi
Source: CRAN
Version: 0.4.0
Hash: f147621f72b561485bfffcae78c4f5d5

Package: fastmap
Source: CRAN
Version: 1.0.1
Hash: d272cd728e4095b3964181b44763f46c

Package: generics
Source: CRAN
Version: 0.0.1
Hash: f6d7879b81d84b90138eca772cc524cb

Package: glue
Source: CRAN
Version: 1.3.2
Hash: fb50a5bde4eab383b1307003bbac25dd

Package: htmltools
Source: CRAN
Version: 0.5.0
Hash: 79070a001acba57f88692d17e859bac5
Requires: base64enc, digest, rlang

Package: httpuv
Source: CRAN
Version: 1.5.2
Hash: 1956440cd8b47acef4618c5ad9f08643
Requires: BH, R6, Rcpp, later, promises

Package: janitor
Source: CRAN
Version: 2.0.1
Hash: 5d9b3494674003bd7a3422e06a82b28f
Requires: dplyr, lifecycle, lubridate, magrittr, purrr, rlang,
    snakecase, stringi, stringr, tidyr, tidyselect

Package: jsonlite
Source: CRAN
Version: 1.5
Hash: 9c51936d8dd00b2f1d4fe9d10499694c

Package: later
Source: CRAN
Version: 1.0.0
Hash: 503ce9e2ed90e814823f0f0c4382832f
Requires: BH, Rcpp, rlang

Package: lifecycle
Source: CRAN
Version: 0.2.0
Hash: df8649860c43571aab68cc73a2a02807
Requires: glue, rlang

Package: lubridate
Source: CRAN
Version: 1.7.4
Hash: 821a98aa91e717b64c296b7d8c479b96
Requires: Rcpp, stringr

Package: magrittr
Source: CRAN
Version: 1.5
Hash: bdc4d48c3135e8f3b399536ddf160df4

Package: mime
Source: CRAN
Version: 0.6
Hash: 2ed8f98b8284ad733f3907fc6e2f1334

Package: openssl
Source: CRAN
Version: 1.0.2
Hash: 12a42cbd5aecdb887782247856ccbafd

Package: packrat
Source: CRAN
Version: 0.5.0
Hash: 498643e765d1442ba7b1160a1df3abf9

Package: pillar
Source: CRAN
Version: 1.4.6
Hash: 6704b42ab2ee962d6ea8f21266b52997
Requires: cli, crayon, ellipsis, fansi, lifecycle, rlang, utf8, vctrs

Package: pkgconfig
Source: CRAN
Version: 2.0.2
Hash: b0fd6ed908e150b77e5f00c6478bd58c

Package: promises
Source: CRAN
Version: 1.1.0
Hash: 9cca3f5207c04dae570e58b26d4782a1
Requires: R6, Rcpp, later, magrittr, rlang

Package: purrr
Source: CRAN
Version: 0.3.4
Hash: fb4c0edca61826ca0b5b33c828a7b276
Requires: magrittr, rlang

Package: rlang
Source: CRAN
Version: 0.4.7
Hash: 99d4f4d35ed6991498e7f6c5df8c8ca8

Package: rsconnect
Source: CRAN
Version: 0.8.16
Hash: 88c8ca5cd5688ce9dfa26be667cabff9
Requires: curl, digest, jsonlite, openssl, packrat, rstudioapi, yaml

Package: rstudioapi
Source: CRAN
Version: 0.8
Hash: 9ba7fe76dcaf96966c449527ca04bb78

Package: shiny
Source: CRAN
Version: 1.5.0
Hash: c6e7eb15d6cd1f0f21b6afe871d6e106
Requires: R6, commonmark, crayon, digest, fastmap, glue, htmltools,
    httpuv, jsonlite, later, mime, promises, rlang, sourcetools, withr,
    xtable

Package: snakecase
Source: CRAN
Version: 0.11.0
Hash: 061f05fc025f841f0cdc94fd0076abf0
Requires: stringi, stringr

Package: sourcetools
Source: CRAN
Version: 0.1.7
Hash: d093478ac90064e670cd4bf1a99b47b6

Package: stringi
Source: CRAN
Version: 1.2.4
Hash: 03ab60ef7fa4627b38ad67c95ce6b04c

Package: stringr
Source: CRAN
Version: 1.3.1
Hash: 9f417a1d899ed1f080942ab36998e8b5
Requires: glue, magrittr, stringi

Package: tibble
Source: CRAN
Version: 3.0.3
Hash: 0f09f15d866589a54943e022b5498859
Requires: cli, crayon, ellipsis, fansi, lifecycle, magrittr, pillar,
    pkgconfig, rlang, vctrs

Package: tidyr
Source: CRAN
Version: 0.8.1
Hash: 3b67391a922e482f233a29ad48e7ed0f
Requires: Rcpp, dplyr, glue, magrittr, purrr, rlang, stringi, tibble,
    tidyselect

Package: tidyselect
Source: CRAN
Version: 1.1.0
Hash: 1c7cea9ea925b701a93f378ec7233ee1
Requires: ellipsis, glue, purrr, rlang, vctrs

Package: utf8
Source: CRAN
Version: 1.1.4
Hash: f3f97ce59092abc8ed3fd098a59e236c

Package: vctrs
Source: CRAN
Version: 0.3.2
Hash: b72d9cb38f3d19d2d28475ec8860e469
Requires: digest, ellipsis, glue, rlang

Package: withr
Source: CRAN
Version: 2.1.2
Hash: d534108bcd5f34ec73e9eb523751ba20

Package: xtable
Source: CRAN
Version: 1.8-4
Hash: dc0d47261b678d26032363bebd050540

Package: yaml
Source: CRAN
Version: 2.2.0
Hash: a5ad5616d83d89f8d84cbf3cf4034e13
